{
  "version": 4,
  "terraform_version": "1.5.5",
  "serial": 273,
  "lineage": "56d0e358-1305-f780-b8a2-137d5b687520",
  "outputs": {},
  "resources": [
    {
      "module": "module.lb_setup",
      "mode": "managed",
      "type": "azurerm_lb",
      "name": "demo",
      "provider": "provider[\"registry.terraform.io/hashicorp/azurerm\"]",
      "instances": [
        {
          "schema_version": 0,
          "attributes": {
            "edge_zone": "",
            "frontend_ip_configuration": [
              {
                "gateway_load_balancer_frontend_ip_configuration_id": "",
                "id": "/subscriptions/d72145e1-6813-4167-94da-bdd673c41ea9/resourceGroups/Demo/providers/Microsoft.Network/loadBalancers/Demo/frontendIPConfigurations/PublicIPAddress",
                "inbound_nat_rules": [
                  "/subscriptions/d72145e1-6813-4167-94da-bdd673c41ea9/resourceGroups/Demo/providers/Microsoft.Network/loadBalancers/Demo/inboundNatRules/ssh-nat-rule"
                ],
                "load_balancer_rules": [
                  "/subscriptions/d72145e1-6813-4167-94da-bdd673c41ea9/resourceGroups/Demo/providers/Microsoft.Network/loadBalancers/Demo/loadBalancingRules/HTTPRule"
                ],
                "name": "PublicIPAddress",
                "outbound_rules": [],
                "private_ip_address": "",
                "private_ip_address_allocation": "Dynamic",
                "private_ip_address_version": "",
                "public_ip_address_id": "/subscriptions/d72145e1-6813-4167-94da-bdd673c41ea9/resourceGroups/Demo/providers/Microsoft.Network/publicIPAddresses/demo-lb-pip",
                "public_ip_prefix_id": "",
                "subnet_id": "",
                "zones": []
              }
            ],
            "id": "/subscriptions/d72145e1-6813-4167-94da-bdd673c41ea9/resourceGroups/Demo/providers/Microsoft.Network/loadBalancers/Demo",
            "location": "eastus",
            "name": "Demo",
            "private_ip_address": "",
            "private_ip_addresses": [],
            "resource_group_name": "Demo",
            "sku": "Basic",
            "sku_tier": "Regional",
            "tags": {},
            "timeouts": null
          },
          "sensitive_attributes": [],
          "private": "eyJlMmJmYjczMC1lY2FhLTExZTYtOGY4OC0zNDM2M2JjN2M0YzAiOnsiY3JlYXRlIjoxODAwMDAwMDAwMDAwLCJkZWxldGUiOjE4MDAwMDAwMDAwMDAsInJlYWQiOjMwMDAwMDAwMDAwMCwidXBkYXRlIjoxODAwMDAwMDAwMDAwfX0=",
          "dependencies": [
            "module.lb_setup.azurerm_public_ip.demo_lb_public_ip",
            "module.lb_setup.azurerm_resource_group.demo"
          ]
        }
      ]
    },
    {
      "module": "module.lb_setup",
      "mode": "managed",
      "type": "azurerm_lb_backend_address_pool",
      "name": "demo",
      "provider": "provider[\"registry.terraform.io/hashicorp/azurerm\"]",
      "instances": [
        {
          "schema_version": 0,
          "attributes": {
            "backend_ip_configurations": [
              "/subscriptions/d72145e1-6813-4167-94da-bdd673c41ea9/resourceGroups/Demo/providers/Microsoft.Network/networkInterfaces/demo-nic/ipConfigurations/internal"
            ],
            "id": "/subscriptions/d72145e1-6813-4167-94da-bdd673c41ea9/resourceGroups/Demo/providers/Microsoft.Network/loadBalancers/Demo/backendAddressPools/demo-backend-pool",
            "inbound_nat_rules": [],
            "load_balancing_rules": [
              "/subscriptions/d72145e1-6813-4167-94da-bdd673c41ea9/resourceGroups/Demo/providers/Microsoft.Network/loadBalancers/Demo/loadBalancingRules/HTTPRule"
            ],
            "loadbalancer_id": "/subscriptions/d72145e1-6813-4167-94da-bdd673c41ea9/resourceGroups/Demo/providers/Microsoft.Network/loadBalancers/Demo",
            "name": "demo-backend-pool",
            "outbound_rules": [],
            "timeouts": null,
            "tunnel_interface": [],
            "virtual_network_id": ""
          },
          "sensitive_attributes": [],
          "private": "eyJlMmJmYjczMC1lY2FhLTExZTYtOGY4OC0zNDM2M2JjN2M0YzAiOnsiY3JlYXRlIjoxODAwMDAwMDAwMDAwLCJkZWxldGUiOjE4MDAwMDAwMDAwMDAsInJlYWQiOjMwMDAwMDAwMDAwMCwidXBkYXRlIjoxODAwMDAwMDAwMDAwfX0=",
          "dependencies": [
            "module.lb_setup.azurerm_lb.demo",
            "module.lb_setup.azurerm_public_ip.demo_lb_public_ip",
            "module.lb_setup.azurerm_resource_group.demo"
          ]
        }
      ]
    },
    {
      "module": "module.lb_setup",
      "mode": "managed",
      "type": "azurerm_lb_nat_rule",
      "name": "ssh_nat_rule",
      "provider": "provider[\"registry.terraform.io/hashicorp/azurerm\"]",
      "instances": [
        {
          "schema_version": 0,
          "attributes": {
            "backend_address_pool_id": null,
            "backend_ip_configuration_id": "/subscriptions/d72145e1-6813-4167-94da-bdd673c41ea9/resourceGroups/Demo/providers/Microsoft.Network/networkInterfaces/demo-nic/ipConfigurations/internal",
            "backend_port": 22,
            "enable_floating_ip": false,
            "enable_tcp_reset": false,
            "frontend_ip_configuration_id": "/subscriptions/d72145e1-6813-4167-94da-bdd673c41ea9/resourceGroups/Demo/providers/Microsoft.Network/loadBalancers/Demo/frontendIPConfigurations/PublicIPAddress",
            "frontend_ip_configuration_name": "PublicIPAddress",
            "frontend_port": 22,
            "frontend_port_end": null,
            "frontend_port_start": null,
            "id": "/subscriptions/d72145e1-6813-4167-94da-bdd673c41ea9/resourceGroups/Demo/providers/Microsoft.Network/loadBalancers/Demo/inboundNatRules/ssh-nat-rule",
            "idle_timeout_in_minutes": 4,
            "loadbalancer_id": "/subscriptions/d72145e1-6813-4167-94da-bdd673c41ea9/resourceGroups/Demo/providers/Microsoft.Network/loadBalancers/Demo",
            "name": "ssh-nat-rule",
            "protocol": "Tcp",
            "resource_group_name": "Demo",
            "timeouts": null
          },
          "sensitive_attributes": [],
          "private": "eyJlMmJmYjczMC1lY2FhLTExZTYtOGY4OC0zNDM2M2JjN2M0YzAiOnsiY3JlYXRlIjoxODAwMDAwMDAwMDAwLCJkZWxldGUiOjE4MDAwMDAwMDAwMDAsInJlYWQiOjMwMDAwMDAwMDAwMCwidXBkYXRlIjoxODAwMDAwMDAwMDAwfX0=",
          "dependencies": [
            "module.lb_setup.azurerm_lb.demo",
            "module.lb_setup.azurerm_public_ip.demo_lb_public_ip",
            "module.lb_setup.azurerm_resource_group.demo"
          ]
        }
      ]
    },
    {
      "module": "module.lb_setup",
      "mode": "managed",
      "type": "azurerm_lb_probe",
      "name": "http_probe",
      "provider": "provider[\"registry.terraform.io/hashicorp/azurerm\"]",
      "instances": [
        {
          "schema_version": 0,
          "attributes": {
            "id": "/subscriptions/d72145e1-6813-4167-94da-bdd673c41ea9/resourceGroups/Demo/providers/Microsoft.Network/loadBalancers/Demo/probes/HTTPProbe",
            "interval_in_seconds": 15,
            "load_balancer_rules": [
              "/subscriptions/d72145e1-6813-4167-94da-bdd673c41ea9/resourceGroups/Demo/providers/Microsoft.Network/loadBalancers/Demo/loadBalancingRules/HTTPRule"
            ],
            "loadbalancer_id": "/subscriptions/d72145e1-6813-4167-94da-bdd673c41ea9/resourceGroups/Demo/providers/Microsoft.Network/loadBalancers/Demo",
            "name": "HTTPProbe",
            "number_of_probes": 2,
            "port": 80,
            "probe_threshold": 1,
            "protocol": "Http",
            "request_path": "/",
            "timeouts": null
          },
          "sensitive_attributes": [],
          "private": "eyJlMmJmYjczMC1lY2FhLTExZTYtOGY4OC0zNDM2M2JjN2M0YzAiOnsiY3JlYXRlIjoxODAwMDAwMDAwMDAwLCJkZWxldGUiOjE4MDAwMDAwMDAwMDAsInJlYWQiOjMwMDAwMDAwMDAwMCwidXBkYXRlIjoxODAwMDAwMDAwMDAwfX0=",
          "dependencies": [
            "module.lb_setup.azurerm_lb.demo",
            "module.lb_setup.azurerm_public_ip.demo_lb_public_ip",
            "module.lb_setup.azurerm_resource_group.demo"
          ]
        }
      ]
    },
    {
      "module": "module.lb_setup",
      "mode": "managed",
      "type": "azurerm_network_interface_backend_address_pool_association",
      "name": "example",
      "provider": "provider[\"registry.terraform.io/hashicorp/azurerm\"]",
      "instances": [
        {
          "schema_version": 0,
          "attributes": {
            "backend_address_pool_id": "/subscriptions/d72145e1-6813-4167-94da-bdd673c41ea9/resourceGroups/Demo/providers/Microsoft.Network/loadBalancers/Demo/backendAddressPools/demo-backend-pool",
            "id": "/subscriptions/d72145e1-6813-4167-94da-bdd673c41ea9/resourceGroups/Demo/providers/Microsoft.Network/networkInterfaces/demo-nic/ipConfigurations/internal|/subscriptions/d72145e1-6813-4167-94da-bdd673c41ea9/resourceGroups/Demo/providers/Microsoft.Network/loadBalancers/Demo/backendAddressPools/demo-backend-pool",
            "ip_configuration_name": "internal",
            "network_interface_id": "/subscriptions/d72145e1-6813-4167-94da-bdd673c41ea9/resourceGroups/Demo/providers/Microsoft.Network/networkInterfaces/demo-nic",
            "timeouts": null
          },
          "sensitive_attributes": [],
          "private": "eyJlMmJmYjczMC1lY2FhLTExZTYtOGY4OC0zNDM2M2JjN2M0YzAiOnsiY3JlYXRlIjoxODAwMDAwMDAwMDAwLCJkZWxldGUiOjE4MDAwMDAwMDAwMDAsInJlYWQiOjMwMDAwMDAwMDAwMCwidXBkYXRlIjoxODAwMDAwMDAwMDAwfX0=",
          "dependencies": [
            "module.lb_setup.azurerm_lb.demo",
            "module.lb_setup.azurerm_lb_backend_address_pool.demo",
            "module.lb_setup.azurerm_public_ip.demo_lb_public_ip",
            "module.lb_setup.azurerm_resource_group.demo",
            "module.vm_setup.azurerm_network_interface.demo",
            "module.vm_setup.azurerm_resource_group.demo",
            "module.vm_setup.azurerm_subnet.demo_subnet",
            "module.vm_setup.azurerm_virtual_network.demo_vnet"
          ]
        }
      ]
    },
    {
      "module": "module.lb_setup",
      "mode": "managed",
      "type": "azurerm_network_interface_nat_rule_association",
      "name": "demo",
      "provider": "provider[\"registry.terraform.io/hashicorp/azurerm\"]",
      "instances": [
        {
          "schema_version": 0,
          "attributes": {
            "id": "/subscriptions/d72145e1-6813-4167-94da-bdd673c41ea9/resourceGroups/Demo/providers/Microsoft.Network/networkInterfaces/demo-nic/ipConfigurations/internal|/subscriptions/d72145e1-6813-4167-94da-bdd673c41ea9/resourceGroups/Demo/providers/Microsoft.Network/loadBalancers/Demo/inboundNatRules/ssh-nat-rule",
            "ip_configuration_name": "internal",
            "nat_rule_id": "/subscriptions/d72145e1-6813-4167-94da-bdd673c41ea9/resourceGroups/Demo/providers/Microsoft.Network/loadBalancers/Demo/inboundNatRules/ssh-nat-rule",
            "network_interface_id": "/subscriptions/d72145e1-6813-4167-94da-bdd673c41ea9/resourceGroups/Demo/providers/Microsoft.Network/networkInterfaces/demo-nic",
            "timeouts": null
          },
          "sensitive_attributes": [],
          "private": "eyJlMmJmYjczMC1lY2FhLTExZTYtOGY4OC0zNDM2M2JjN2M0YzAiOnsiY3JlYXRlIjoxODAwMDAwMDAwMDAwLCJkZWxldGUiOjE4MDAwMDAwMDAwMDAsInJlYWQiOjMwMDAwMDAwMDAwMCwidXBkYXRlIjoxODAwMDAwMDAwMDAwfX0=",
          "dependencies": [
            "module.lb_setup.azurerm_lb.demo",
            "module.lb_setup.azurerm_lb_nat_rule.ssh_nat_rule",
            "module.lb_setup.azurerm_public_ip.demo_lb_public_ip",
            "module.lb_setup.azurerm_resource_group.demo",
            "module.vm_setup.azurerm_network_interface.demo",
            "module.vm_setup.azurerm_resource_group.demo",
            "module.vm_setup.azurerm_subnet.demo_subnet",
            "module.vm_setup.azurerm_virtual_network.demo_vnet"
          ]
        }
      ]
    },
    {
      "module": "module.lb_setup",
      "mode": "managed",
      "type": "azurerm_public_ip",
      "name": "demo_lb_public_ip",
      "provider": "provider[\"registry.terraform.io/hashicorp/azurerm\"]",
      "instances": [
        {
          "schema_version": 0,
          "attributes": {
            "allocation_method": "Static",
            "ddos_protection_mode": "VirtualNetworkInherited",
            "ddos_protection_plan_id": null,
            "domain_name_label": null,
            "edge_zone": "",
            "fqdn": null,
            "id": "/subscriptions/d72145e1-6813-4167-94da-bdd673c41ea9/resourceGroups/Demo/providers/Microsoft.Network/publicIPAddresses/demo-lb-pip",
            "idle_timeout_in_minutes": 4,
            "ip_address": "52.149.165.63",
            "ip_tags": {},
            "ip_version": "IPv4",
            "location": "eastus",
            "name": "demo-lb-pip",
            "public_ip_prefix_id": null,
            "resource_group_name": "Demo",
            "reverse_fqdn": null,
            "sku": "Basic",
            "sku_tier": "Regional",
            "tags": {},
            "timeouts": null,
            "zones": []
          },
          "sensitive_attributes": [],
          "private": "eyJlMmJmYjczMC1lY2FhLTExZTYtOGY4OC0zNDM2M2JjN2M0YzAiOnsiY3JlYXRlIjoxODAwMDAwMDAwMDAwLCJkZWxldGUiOjE4MDAwMDAwMDAwMDAsInJlYWQiOjMwMDAwMDAwMDAwMCwidXBkYXRlIjoxODAwMDAwMDAwMDAwfX0=",
          "dependencies": [
            "module.lb_setup.azurerm_resource_group.demo"
          ]
        }
      ]
    },
    {
      "module": "module.lb_setup",
      "mode": "managed",
      "type": "azurerm_resource_group",
      "name": "demo",
      "provider": "provider[\"registry.terraform.io/hashicorp/azurerm\"]",
      "instances": [
        {
          "schema_version": 0,
          "attributes": {
            "id": "/subscriptions/d72145e1-6813-4167-94da-bdd673c41ea9/resourceGroups/Demo",
            "location": "eastus",
            "managed_by": "",
            "name": "Demo",
            "tags": {},
            "timeouts": null
          },
          "sensitive_attributes": [],
          "private": "eyJlMmJmYjczMC1lY2FhLTExZTYtOGY4OC0zNDM2M2JjN2M0YzAiOnsiY3JlYXRlIjo1NDAwMDAwMDAwMDAwLCJkZWxldGUiOjU0MDAwMDAwMDAwMDAsInJlYWQiOjMwMDAwMDAwMDAwMCwidXBkYXRlIjo1NDAwMDAwMDAwMDAwfX0="
        }
      ]
    },
    {
      "module": "module.vm_setup",
      "mode": "managed",
      "type": "azurerm_network_interface",
      "name": "demo",
      "provider": "provider[\"registry.terraform.io/hashicorp/azurerm\"]",
      "instances": [
        {
          "schema_version": 0,
          "attributes": {
            "applied_dns_servers": [],
            "dns_servers": [],
            "edge_zone": "",
            "enable_accelerated_networking": false,
            "enable_ip_forwarding": false,
            "id": "/subscriptions/d72145e1-6813-4167-94da-bdd673c41ea9/resourceGroups/Demo/providers/Microsoft.Network/networkInterfaces/demo-nic",
            "internal_dns_name_label": "",
            "internal_domain_name_suffix": "itnazlbftn3uppswjgrg40c1ma.bx.internal.cloudapp.net",
            "ip_configuration": [
              {
                "gateway_load_balancer_frontend_ip_configuration_id": "",
                "name": "internal",
                "primary": true,
                "private_ip_address": "10.0.1.4",
                "private_ip_address_allocation": "Dynamic",
                "private_ip_address_version": "IPv4",
                "public_ip_address_id": "",
                "subnet_id": "/subscriptions/d72145e1-6813-4167-94da-bdd673c41ea9/resourceGroups/Demo/providers/Microsoft.Network/virtualNetworks/Demo/subnets/Demo"
              }
            ],
            "location": "eastus",
            "mac_address": "00-0D-3A-8C-1F-E9",
            "name": "demo-nic",
            "private_ip_address": "10.0.1.4",
            "private_ip_addresses": [
              "10.0.1.4"
            ],
            "resource_group_name": "Demo",
            "tags": {},
            "timeouts": null,
            "virtual_machine_id": "/subscriptions/d72145e1-6813-4167-94da-bdd673c41ea9/resourceGroups/Demo/providers/Microsoft.Compute/virtualMachines/demo-vm"
          },
          "sensitive_attributes": [],
          "private": "eyJlMmJmYjczMC1lY2FhLTExZTYtOGY4OC0zNDM2M2JjN2M0YzAiOnsiY3JlYXRlIjoxODAwMDAwMDAwMDAwLCJkZWxldGUiOjE4MDAwMDAwMDAwMDAsInJlYWQiOjMwMDAwMDAwMDAwMCwidXBkYXRlIjoxODAwMDAwMDAwMDAwfX0=",
          "dependencies": [
            "module.vm_setup.azurerm_resource_group.demo",
            "module.vm_setup.azurerm_subnet.demo_subnet",
            "module.vm_setup.azurerm_virtual_network.demo_vnet"
          ]
        }
      ]
    },
    {
      "module": "module.vm_setup",
      "mode": "managed",
      "type": "azurerm_resource_group",
      "name": "demo",
      "provider": "provider[\"registry.terraform.io/hashicorp/azurerm\"]",
      "instances": [
        {
          "schema_version": 0,
          "attributes": {
            "id": "/subscriptions/d72145e1-6813-4167-94da-bdd673c41ea9/resourceGroups/Demo",
            "location": "eastus",
            "managed_by": "",
            "name": "Demo",
            "tags": {},
            "timeouts": null
          },
          "sensitive_attributes": [],
          "private": "eyJlMmJmYjczMC1lY2FhLTExZTYtOGY4OC0zNDM2M2JjN2M0YzAiOnsiY3JlYXRlIjo1NDAwMDAwMDAwMDAwLCJkZWxldGUiOjU0MDAwMDAwMDAwMDAsInJlYWQiOjMwMDAwMDAwMDAwMCwidXBkYXRlIjo1NDAwMDAwMDAwMDAwfX0="
        }
      ]
    },
    {
      "module": "module.vm_setup",
      "mode": "managed",
      "type": "azurerm_subnet",
      "name": "demo_subnet",
      "provider": "provider[\"registry.terraform.io/hashicorp/azurerm\"]",
      "instances": [
        {
          "schema_version": 0,
          "attributes": {
            "address_prefixes": [
              "10.0.1.0/24"
            ],
            "delegation": [],
            "enforce_private_link_endpoint_network_policies": false,
            "enforce_private_link_service_network_policies": false,
            "id": "/subscriptions/d72145e1-6813-4167-94da-bdd673c41ea9/resourceGroups/Demo/providers/Microsoft.Network/virtualNetworks/Demo/subnets/Demo",
            "name": "Demo",
            "private_endpoint_network_policies_enabled": true,
            "private_link_service_network_policies_enabled": true,
            "resource_group_name": "Demo",
            "service_endpoint_policy_ids": [],
            "service_endpoints": [],
            "timeouts": null,
            "virtual_network_name": "Demo"
          },
          "sensitive_attributes": [],
          "private": "eyJlMmJmYjczMC1lY2FhLTExZTYtOGY4OC0zNDM2M2JjN2M0YzAiOnsiY3JlYXRlIjoxODAwMDAwMDAwMDAwLCJkZWxldGUiOjE4MDAwMDAwMDAwMDAsInJlYWQiOjMwMDAwMDAwMDAwMCwidXBkYXRlIjoxODAwMDAwMDAwMDAwfX0=",
          "dependencies": [
            "module.vm_setup.azurerm_resource_group.demo",
            "module.vm_setup.azurerm_virtual_network.demo_vnet"
          ]
        }
      ]
    },
    {
      "module": "module.vm_setup",
      "mode": "managed",
      "type": "azurerm_virtual_network",
      "name": "demo_vnet",
      "provider": "provider[\"registry.terraform.io/hashicorp/azurerm\"]",
      "instances": [
        {
          "schema_version": 0,
          "attributes": {
            "address_space": [
              "10.0.0.0/16"
            ],
            "bgp_community": "",
            "ddos_protection_plan": [],
            "dns_servers": [],
            "edge_zone": "",
            "encryption": [],
            "flow_timeout_in_minutes": 0,
            "guid": "ac0cda44-9b25-477b-be56-49a26f685b60",
            "id": "/subscriptions/d72145e1-6813-4167-94da-bdd673c41ea9/resourceGroups/Demo/providers/Microsoft.Network/virtualNetworks/Demo",
            "location": "eastus",
            "name": "Demo",
            "resource_group_name": "Demo",
            "subnet": [
              {
                "address_prefix": "10.0.1.0/24",
                "id": "/subscriptions/d72145e1-6813-4167-94da-bdd673c41ea9/resourceGroups/Demo/providers/Microsoft.Network/virtualNetworks/Demo/subnets/Demo",
                "name": "Demo",
                "security_group": ""
              }
            ],
            "tags": {},
            "timeouts": null
          },
          "sensitive_attributes": [],
          "private": "eyJlMmJmYjczMC1lY2FhLTExZTYtOGY4OC0zNDM2M2JjN2M0YzAiOnsiY3JlYXRlIjoxODAwMDAwMDAwMDAwLCJkZWxldGUiOjE4MDAwMDAwMDAwMDAsInJlYWQiOjMwMDAwMDAwMDAwMCwidXBkYXRlIjoxODAwMDAwMDAwMDAwfX0=",
          "dependencies": [
            "module.vm_setup.azurerm_resource_group.demo"
          ]
        }
      ]
    }
  ],
  "check_results": null
}
