{
  "version": 4,
  "terraform_version": "1.5.5",
  "serial": 265,
  "lineage": "56d0e358-1305-f780-b8a2-137d5b687520",
  "outputs": {},
  "resources": [
    {
      "module": "module.lb_setup",
      "mode": "managed",
      "type": "azurerm_lb",
      "name": "demo",
      "provider": "provider[\"registry.terraform.io/hashicorp/azurerm\"]",
      "instances": [
        {
          "schema_version": 0,
          "attributes": {
            "edge_zone": "",
            "frontend_ip_configuration": [
              {
                "gateway_load_balancer_frontend_ip_configuration_id": "",
                "id": "/subscriptions/d72145e1-6813-4167-94da-bdd673c41ea9/resourceGroups/Demo/providers/Microsoft.Network/loadBalancers/Demo/frontendIPConfigurations/PublicIPAddress",
                "inbound_nat_rules": [],
                "load_balancer_rules": [],
                "name": "PublicIPAddress",
                "outbound_rules": [],
                "private_ip_address": "",
                "private_ip_address_allocation": "Dynamic",
                "private_ip_address_version": "",
                "public_ip_address_id": "/subscriptions/d72145e1-6813-4167-94da-bdd673c41ea9/resourceGroups/Demo/providers/Microsoft.Network/publicIPAddresses/demo-lb-pip",
                "public_ip_prefix_id": "",
                "subnet_id": "",
                "zones": null
              }
            ],
            "id": "/subscriptions/d72145e1-6813-4167-94da-bdd673c41ea9/resourceGroups/Demo/providers/Microsoft.Network/loadBalancers/Demo",
            "location": "eastus",
            "name": "Demo",
            "private_ip_address": "",
            "private_ip_addresses": [],
            "resource_group_name": "Demo",
            "sku": "Basic",
            "sku_tier": "Regional",
            "tags": null,
            "timeouts": null
          },
          "sensitive_attributes": [],
          "private": "eyJlMmJmYjczMC1lY2FhLTExZTYtOGY4OC0zNDM2M2JjN2M0YzAiOnsiY3JlYXRlIjoxODAwMDAwMDAwMDAwLCJkZWxldGUiOjE4MDAwMDAwMDAwMDAsInJlYWQiOjMwMDAwMDAwMDAwMCwidXBkYXRlIjoxODAwMDAwMDAwMDAwfX0=",
          "dependencies": [
            "module.lb_setup.azurerm_public_ip.demo_lb_public_ip",
            "module.lb_setup.azurerm_resource_group.demo"
          ]
        }
      ]
    },
    {
      "module": "module.lb_setup",
      "mode": "managed",
      "type": "azurerm_lb_backend_address_pool",
      "name": "demo",
      "provider": "provider[\"registry.terraform.io/hashicorp/azurerm\"]",
      "instances": [
        {
          "schema_version": 0,
          "attributes": {
            "backend_ip_configurations": [],
            "id": "/subscriptions/d72145e1-6813-4167-94da-bdd673c41ea9/resourceGroups/Demo/providers/Microsoft.Network/loadBalancers/Demo/backendAddressPools/demo-backend-pool",
            "inbound_nat_rules": [],
            "load_balancing_rules": [],
            "loadbalancer_id": "/subscriptions/d72145e1-6813-4167-94da-bdd673c41ea9/resourceGroups/Demo/providers/Microsoft.Network/loadBalancers/Demo",
            "name": "demo-backend-pool",
            "outbound_rules": [],
            "timeouts": null,
            "tunnel_interface": [],
            "virtual_network_id": ""
          },
          "sensitive_attributes": [],
          "private": "eyJlMmJmYjczMC1lY2FhLTExZTYtOGY4OC0zNDM2M2JjN2M0YzAiOnsiY3JlYXRlIjoxODAwMDAwMDAwMDAwLCJkZWxldGUiOjE4MDAwMDAwMDAwMDAsInJlYWQiOjMwMDAwMDAwMDAwMCwidXBkYXRlIjoxODAwMDAwMDAwMDAwfX0=",
          "dependencies": [
            "module.lb_setup.azurerm_lb.demo",
            "module.lb_setup.azurerm_public_ip.demo_lb_public_ip",
            "module.lb_setup.azurerm_resource_group.demo"
          ]
        }
      ]
    },
    {
      "module": "module.lb_setup",
      "mode": "managed",
      "type": "azurerm_lb_nat_rule",
      "name": "ssh_nat_rule",
      "provider": "provider[\"registry.terraform.io/hashicorp/azurerm\"]",
      "instances": [
        {
          "schema_version": 0,
          "attributes": {
            "backend_address_pool_id": null,
            "backend_ip_configuration_id": "",
            "backend_port": 22,
            "enable_floating_ip": false,
            "enable_tcp_reset": false,
            "frontend_ip_configuration_id": "/subscriptions/d72145e1-6813-4167-94da-bdd673c41ea9/resourceGroups/Demo/providers/Microsoft.Network/loadBalancers/Demo/frontendIPConfigurations/PublicIPAddress",
            "frontend_ip_configuration_name": "PublicIPAddress",
            "frontend_port": 22,
            "frontend_port_end": null,
            "frontend_port_start": null,
            "id": "/subscriptions/d72145e1-6813-4167-94da-bdd673c41ea9/resourceGroups/Demo/providers/Microsoft.Network/loadBalancers/Demo/inboundNatRules/ssh-nat-rule",
            "idle_timeout_in_minutes": 4,
            "loadbalancer_id": "/subscriptions/d72145e1-6813-4167-94da-bdd673c41ea9/resourceGroups/Demo/providers/Microsoft.Network/loadBalancers/Demo",
            "name": "ssh-nat-rule",
            "protocol": "Tcp",
            "resource_group_name": "Demo",
            "timeouts": null
          },
          "sensitive_attributes": [],
          "private": "eyJlMmJmYjczMC1lY2FhLTExZTYtOGY4OC0zNDM2M2JjN2M0YzAiOnsiY3JlYXRlIjoxODAwMDAwMDAwMDAwLCJkZWxldGUiOjE4MDAwMDAwMDAwMDAsInJlYWQiOjMwMDAwMDAwMDAwMCwidXBkYXRlIjoxODAwMDAwMDAwMDAwfX0=",
          "dependencies": [
            "module.lb_setup.azurerm_lb.demo",
            "module.lb_setup.azurerm_public_ip.demo_lb_public_ip",
            "module.lb_setup.azurerm_resource_group.demo"
          ]
        }
      ]
    },
    {
      "module": "module.lb_setup",
      "mode": "managed",
      "type": "azurerm_lb_probe",
      "name": "http_probe",
      "provider": "provider[\"registry.terraform.io/hashicorp/azurerm\"]",
      "instances": [
        {
          "schema_version": 0,
          "attributes": {
            "id": "/subscriptions/d72145e1-6813-4167-94da-bdd673c41ea9/resourceGroups/Demo/providers/Microsoft.Network/loadBalancers/Demo/probes/HTTPProbe",
            "interval_in_seconds": 15,
            "load_balancer_rules": [],
            "loadbalancer_id": "/subscriptions/d72145e1-6813-4167-94da-bdd673c41ea9/resourceGroups/Demo/providers/Microsoft.Network/loadBalancers/Demo",
            "name": "HTTPProbe",
            "number_of_probes": 2,
            "port": 80,
            "probe_threshold": 1,
            "protocol": "Http",
            "request_path": "/",
            "timeouts": null
          },
          "sensitive_attributes": [],
          "private": "eyJlMmJmYjczMC1lY2FhLTExZTYtOGY4OC0zNDM2M2JjN2M0YzAiOnsiY3JlYXRlIjoxODAwMDAwMDAwMDAwLCJkZWxldGUiOjE4MDAwMDAwMDAwMDAsInJlYWQiOjMwMDAwMDAwMDAwMCwidXBkYXRlIjoxODAwMDAwMDAwMDAwfX0=",
          "dependencies": [
            "module.lb_setup.azurerm_lb.demo",
            "module.lb_setup.azurerm_public_ip.demo_lb_public_ip",
            "module.lb_setup.azurerm_resource_group.demo"
          ]
        }
      ]
    },
    {
      "module": "module.lb_setup",
      "mode": "managed",
      "type": "azurerm_lb_rule",
      "name": "http_rule",
      "provider": "provider[\"registry.terraform.io/hashicorp/azurerm\"]",
      "instances": [
        {
          "schema_version": 0,
          "attributes": {
            "backend_address_pool_ids": [
              "/subscriptions/d72145e1-6813-4167-94da-bdd673c41ea9/resourceGroups/Demo/providers/Microsoft.Network/loadBalancers/Demo/backendAddressPools/demo-backend-pool"
            ],
            "backend_port": 80,
            "disable_outbound_snat": false,
            "enable_floating_ip": false,
            "enable_tcp_reset": false,
            "frontend_ip_configuration_id": "/subscriptions/d72145e1-6813-4167-94da-bdd673c41ea9/resourceGroups/Demo/providers/Microsoft.Network/loadBalancers/Demo/frontendIPConfigurations/PublicIPAddress",
            "frontend_ip_configuration_name": "PublicIPAddress",
            "frontend_port": 80,
            "id": "/subscriptions/d72145e1-6813-4167-94da-bdd673c41ea9/resourceGroups/Demo/providers/Microsoft.Network/loadBalancers/Demo/loadBalancingRules/HTTPRule",
            "idle_timeout_in_minutes": 4,
            "load_distribution": "Default",
            "loadbalancer_id": "/subscriptions/d72145e1-6813-4167-94da-bdd673c41ea9/resourceGroups/Demo/providers/Microsoft.Network/loadBalancers/Demo",
            "name": "HTTPRule",
            "probe_id": "/subscriptions/d72145e1-6813-4167-94da-bdd673c41ea9/resourceGroups/Demo/providers/Microsoft.Network/loadBalancers/Demo/probes/HTTPProbe",
            "protocol": "Tcp",
            "timeouts": null
          },
          "sensitive_attributes": [],
          "private": "eyJlMmJmYjczMC1lY2FhLTExZTYtOGY4OC0zNDM2M2JjN2M0YzAiOnsiY3JlYXRlIjoxODAwMDAwMDAwMDAwLCJkZWxldGUiOjE4MDAwMDAwMDAwMDAsInJlYWQiOjMwMDAwMDAwMDAwMCwidXBkYXRlIjoxODAwMDAwMDAwMDAwfX0=",
          "dependencies": [
            "module.lb_setup.azurerm_lb.demo",
            "module.lb_setup.azurerm_lb_backend_address_pool.demo",
            "module.lb_setup.azurerm_lb_probe.http_probe",
            "module.lb_setup.azurerm_public_ip.demo_lb_public_ip",
            "module.lb_setup.azurerm_resource_group.demo"
          ]
        }
      ]
    },
    {
      "module": "module.lb_setup",
      "mode": "managed",
      "type": "azurerm_network_interface_backend_address_pool_association",
      "name": "example",
      "provider": "provider[\"registry.terraform.io/hashicorp/azurerm\"]",
      "instances": [
        {
          "schema_version": 0,
          "attributes": {
            "backend_address_pool_id": "/subscriptions/d72145e1-6813-4167-94da-bdd673c41ea9/resourceGroups/Demo/providers/Microsoft.Network/loadBalancers/Demo/backendAddressPools/demo-backend-pool",
            "id": "/subscriptions/d72145e1-6813-4167-94da-bdd673c41ea9/resourceGroups/Demo/providers/Microsoft.Network/networkInterfaces/demo-nic/ipConfigurations/internal|/subscriptions/d72145e1-6813-4167-94da-bdd673c41ea9/resourceGroups/Demo/providers/Microsoft.Network/loadBalancers/Demo/backendAddressPools/demo-backend-pool",
            "ip_configuration_name": "internal",
            "network_interface_id": "/subscriptions/d72145e1-6813-4167-94da-bdd673c41ea9/resourceGroups/Demo/providers/Microsoft.Network/networkInterfaces/demo-nic",
            "timeouts": null
          },
          "sensitive_attributes": [],
          "private": "eyJlMmJmYjczMC1lY2FhLTExZTYtOGY4OC0zNDM2M2JjN2M0YzAiOnsiY3JlYXRlIjoxODAwMDAwMDAwMDAwLCJkZWxldGUiOjE4MDAwMDAwMDAwMDAsInJlYWQiOjMwMDAwMDAwMDAwMCwidXBkYXRlIjoxODAwMDAwMDAwMDAwfX0=",
          "dependencies": [
            "module.lb_setup.azurerm_lb.demo",
            "module.lb_setup.azurerm_lb_backend_address_pool.demo",
            "module.lb_setup.azurerm_public_ip.demo_lb_public_ip",
            "module.lb_setup.azurerm_resource_group.demo",
            "module.vm_setup.azurerm_network_interface.demo",
            "module.vm_setup.azurerm_resource_group.demo",
            "module.vm_setup.azurerm_subnet.demo_subnet",
            "module.vm_setup.azurerm_virtual_network.demo_vnet"
          ]
        }
      ]
    },
    {
      "module": "module.lb_setup",
      "mode": "managed",
      "type": "azurerm_network_interface_nat_rule_association",
      "name": "demo",
      "provider": "provider[\"registry.terraform.io/hashicorp/azurerm\"]",
      "instances": [
        {
          "schema_version": 0,
          "attributes": {
            "id": "/subscriptions/d72145e1-6813-4167-94da-bdd673c41ea9/resourceGroups/Demo/providers/Microsoft.Network/networkInterfaces/demo-nic/ipConfigurations/internal|/subscriptions/d72145e1-6813-4167-94da-bdd673c41ea9/resourceGroups/Demo/providers/Microsoft.Network/loadBalancers/Demo/inboundNatRules/ssh-nat-rule",
            "ip_configuration_name": "internal",
            "nat_rule_id": "/subscriptions/d72145e1-6813-4167-94da-bdd673c41ea9/resourceGroups/Demo/providers/Microsoft.Network/loadBalancers/Demo/inboundNatRules/ssh-nat-rule",
            "network_interface_id": "/subscriptions/d72145e1-6813-4167-94da-bdd673c41ea9/resourceGroups/Demo/providers/Microsoft.Network/networkInterfaces/demo-nic",
            "timeouts": null
          },
          "sensitive_attributes": [],
          "private": "eyJlMmJmYjczMC1lY2FhLTExZTYtOGY4OC0zNDM2M2JjN2M0YzAiOnsiY3JlYXRlIjoxODAwMDAwMDAwMDAwLCJkZWxldGUiOjE4MDAwMDAwMDAwMDAsInJlYWQiOjMwMDAwMDAwMDAwMCwidXBkYXRlIjoxODAwMDAwMDAwMDAwfX0=",
          "dependencies": [
            "module.lb_setup.azurerm_lb.demo",
            "module.lb_setup.azurerm_lb_nat_rule.ssh_nat_rule",
            "module.lb_setup.azurerm_public_ip.demo_lb_public_ip",
            "module.lb_setup.azurerm_resource_group.demo",
            "module.vm_setup.azurerm_network_interface.demo",
            "module.vm_setup.azurerm_resource_group.demo",
            "module.vm_setup.azurerm_subnet.demo_subnet",
            "module.vm_setup.azurerm_virtual_network.demo_vnet"
          ]
        }
      ]
    },
    {
      "module": "module.lb_setup",
      "mode": "managed",
      "type": "azurerm_public_ip",
      "name": "demo_lb_public_ip",
      "provider": "provider[\"registry.terraform.io/hashicorp/azurerm\"]",
      "instances": [
        {
          "schema_version": 0,
          "attributes": {
            "allocation_method": "Static",
            "ddos_protection_mode": "VirtualNetworkInherited",
            "ddos_protection_plan_id": null,
            "domain_name_label": null,
            "edge_zone": "",
            "fqdn": null,
            "id": "/subscriptions/d72145e1-6813-4167-94da-bdd673c41ea9/resourceGroups/Demo/providers/Microsoft.Network/publicIPAddresses/demo-lb-pip",
            "idle_timeout_in_minutes": 4,
            "ip_address": "52.149.165.63",
            "ip_tags": null,
            "ip_version": "IPv4",
            "location": "eastus",
            "name": "demo-lb-pip",
            "public_ip_prefix_id": null,
            "resource_group_name": "Demo",
            "reverse_fqdn": null,
            "sku": "Basic",
            "sku_tier": "Regional",
            "tags": null,
            "timeouts": null,
            "zones": null
          },
          "sensitive_attributes": [],
          "private": "eyJlMmJmYjczMC1lY2FhLTExZTYtOGY4OC0zNDM2M2JjN2M0YzAiOnsiY3JlYXRlIjoxODAwMDAwMDAwMDAwLCJkZWxldGUiOjE4MDAwMDAwMDAwMDAsInJlYWQiOjMwMDAwMDAwMDAwMCwidXBkYXRlIjoxODAwMDAwMDAwMDAwfX0=",
          "dependencies": [
            "module.lb_setup.azurerm_resource_group.demo"
          ]
        }
      ]
    },
    {
      "module": "module.lb_setup",
      "mode": "managed",
      "type": "azurerm_resource_group",
      "name": "demo",
      "provider": "provider[\"registry.terraform.io/hashicorp/azurerm\"]",
      "instances": [
        {
          "schema_version": 0,
          "attributes": {
            "id": "/subscriptions/d72145e1-6813-4167-94da-bdd673c41ea9/resourceGroups/Demo",
            "location": "eastus",
            "managed_by": "",
            "name": "Demo",
            "tags": null,
            "timeouts": null
          },
          "sensitive_attributes": [],
          "private": "eyJlMmJmYjczMC1lY2FhLTExZTYtOGY4OC0zNDM2M2JjN2M0YzAiOnsiY3JlYXRlIjo1NDAwMDAwMDAwMDAwLCJkZWxldGUiOjU0MDAwMDAwMDAwMDAsInJlYWQiOjMwMDAwMDAwMDAwMCwidXBkYXRlIjo1NDAwMDAwMDAwMDAwfX0="
        }
      ]
    },
    {
      "module": "module.vm_setup",
      "mode": "data",
      "type": "template_cloudinit_config",
      "name": "nginx",
      "provider": "provider[\"registry.terraform.io/hashicorp/template\"]",
      "instances": [
        {
          "schema_version": 0,
          "attributes": {
            "base64_encode": true,
            "gzip": true,
            "id": "1490061932",
            "part": [
              {
                "content": "packages: ['nginx']",
                "content_type": "text/cloud-config",
                "filename": "filename",
                "merge_type": ""
              }
            ],
            "rendered": "H4sIAAAAAAAA/2SOQUsDMRCF74H8h7CXnsbqSdjSg9oePKyCVEHEwzQ7Gwc3k5DMwvbfi4Visbf34HuP7yGJkijsDplaF6dROWPRZeSZ+pXbp0l6LId10z122/vn16fN3ct7Y34bvFGpnKR1N1fX1lgDcA5Zc/recM2psh5ZVEX/FUl05QYeSTDSujml5m+1Kyh1oAJb8alnCa273bOeAUdlpVmXfkxTDz7JwMGajiNdyGX03xiotu5jIYFlXnz+Nwaw5icAAP//+d+CcBABAAA="
          },
          "sensitive_attributes": []
        }
      ]
    },
    {
      "module": "module.vm_setup",
      "mode": "managed",
      "type": "azurerm_linux_virtual_machine",
      "name": "demo",
      "provider": "provider[\"registry.terraform.io/hashicorp/azurerm\"]",
      "instances": [
        {
          "schema_version": 0,
          "attributes": {
            "additional_capabilities": [],
            "admin_password": "Advance@2023",
            "admin_ssh_key": [],
            "admin_username": "linuxuser",
            "allow_extension_operations": true,
            "availability_set_id": "",
            "boot_diagnostics": [],
            "bypass_platform_safety_checks_on_user_schedule_enabled": false,
            "capacity_reservation_group_id": "",
            "computer_name": "demo-vm",
            "custom_data": "H4sIAAAAAAAA/2SOQUsDMRCF74H8h7CXnsbqSdjSg9oePKyCVEHEwzQ7Gwc3k5DMwvbfi4Visbf34HuP7yGJkijsDplaF6dROWPRZeSZ+pXbp0l6LId10z122/vn16fN3ct7Y34bvFGpnKR1N1fX1lgDcA5Zc/recM2psh5ZVEX/FUl05QYeSTDSujml5m+1Kyh1oAJb8alnCa273bOeAUdlpVmXfkxTDz7JwMGajiNdyGX03xiotu5jIYFlXnz+Nwaw5icAAP//+d+CcBABAAA=",
            "dedicated_host_group_id": "",
            "dedicated_host_id": "",
            "disable_password_authentication": false,
            "edge_zone": "",
            "encryption_at_host_enabled": false,
            "eviction_policy": "",
            "extensions_time_budget": "PT1H30M",
            "gallery_application": [],
            "id": "/subscriptions/d72145e1-6813-4167-94da-bdd673c41ea9/resourceGroups/Demo/providers/Microsoft.Compute/virtualMachines/demo-vm",
            "identity": [],
            "license_type": "",
            "location": "eastus",
            "max_bid_price": -1,
            "name": "demo-vm",
            "network_interface_ids": [
              "/subscriptions/d72145e1-6813-4167-94da-bdd673c41ea9/resourceGroups/Demo/providers/Microsoft.Network/networkInterfaces/demo-nic"
            ],
            "os_disk": [
              {
                "caching": "ReadWrite",
                "diff_disk_settings": [],
                "disk_encryption_set_id": "",
                "disk_size_gb": 30,
                "name": "demo-osdisk",
                "secure_vm_disk_encryption_set_id": "",
                "security_encryption_type": "",
                "storage_account_type": "Standard_LRS",
                "write_accelerator_enabled": false
              }
            ],
            "patch_assessment_mode": "ImageDefault",
            "patch_mode": "ImageDefault",
            "plan": [],
            "platform_fault_domain": -1,
            "priority": "Regular",
            "private_ip_address": "10.0.1.4",
            "private_ip_addresses": [
              "10.0.1.4"
            ],
            "provision_vm_agent": true,
            "proximity_placement_group_id": "",
            "public_ip_address": "",
            "public_ip_addresses": [],
            "reboot_setting": "",
            "resource_group_name": "Demo",
            "secret": [],
            "secure_boot_enabled": false,
            "size": "Standard_B1s",
            "source_image_id": "",
            "source_image_reference": [
              {
                "offer": "UbuntuServer",
                "publisher": "Canonical",
                "sku": "16.04-LTS",
                "version": "latest"
              }
            ],
            "tags": null,
            "termination_notification": null,
            "timeouts": null,
            "user_data": "",
            "virtual_machine_id": "55d9fd2b-667a-45aa-88a9-99d98e0785d1",
            "virtual_machine_scale_set_id": "",
            "vtpm_enabled": false,
            "zone": ""
          },
          "sensitive_attributes": [],
          "private": "eyJlMmJmYjczMC1lY2FhLTExZTYtOGY4OC0zNDM2M2JjN2M0YzAiOnsiY3JlYXRlIjoyNzAwMDAwMDAwMDAwLCJkZWxldGUiOjI3MDAwMDAwMDAwMDAsInJlYWQiOjMwMDAwMDAwMDAwMCwidXBkYXRlIjoyNzAwMDAwMDAwMDAwfX0=",
          "dependencies": [
            "module.vm_setup.azurerm_network_interface.demo",
            "module.vm_setup.azurerm_resource_group.demo",
            "module.vm_setup.azurerm_subnet.demo_subnet",
            "module.vm_setup.azurerm_virtual_network.demo_vnet",
            "module.vm_setup.data.template_cloudinit_config.nginx"
          ]
        }
      ]
    },
    {
      "module": "module.vm_setup",
      "mode": "managed",
      "type": "azurerm_network_interface",
      "name": "demo",
      "provider": "provider[\"registry.terraform.io/hashicorp/azurerm\"]",
      "instances": [
        {
          "schema_version": 0,
          "attributes": {
            "applied_dns_servers": [],
            "dns_servers": [],
            "edge_zone": "",
            "enable_accelerated_networking": false,
            "enable_ip_forwarding": false,
            "id": "/subscriptions/d72145e1-6813-4167-94da-bdd673c41ea9/resourceGroups/Demo/providers/Microsoft.Network/networkInterfaces/demo-nic",
            "internal_dns_name_label": "",
            "internal_domain_name_suffix": "itnazlbftn3uppswjgrg40c1ma.bx.internal.cloudapp.net",
            "ip_configuration": [
              {
                "gateway_load_balancer_frontend_ip_configuration_id": "",
                "name": "internal",
                "primary": true,
                "private_ip_address": "10.0.1.4",
                "private_ip_address_allocation": "Dynamic",
                "private_ip_address_version": "IPv4",
                "public_ip_address_id": "",
                "subnet_id": "/subscriptions/d72145e1-6813-4167-94da-bdd673c41ea9/resourceGroups/Demo/providers/Microsoft.Network/virtualNetworks/Demo/subnets/Demo"
              }
            ],
            "location": "eastus",
            "mac_address": "",
            "name": "demo-nic",
            "private_ip_address": "10.0.1.4",
            "private_ip_addresses": [
              "10.0.1.4"
            ],
            "resource_group_name": "Demo",
            "tags": null,
            "timeouts": null,
            "virtual_machine_id": ""
          },
          "sensitive_attributes": [],
          "private": "eyJlMmJmYjczMC1lY2FhLTExZTYtOGY4OC0zNDM2M2JjN2M0YzAiOnsiY3JlYXRlIjoxODAwMDAwMDAwMDAwLCJkZWxldGUiOjE4MDAwMDAwMDAwMDAsInJlYWQiOjMwMDAwMDAwMDAwMCwidXBkYXRlIjoxODAwMDAwMDAwMDAwfX0=",
          "dependencies": [
            "module.vm_setup.azurerm_resource_group.demo",
            "module.vm_setup.azurerm_subnet.demo_subnet",
            "module.vm_setup.azurerm_virtual_network.demo_vnet"
          ]
        }
      ]
    },
    {
      "module": "module.vm_setup",
      "mode": "managed",
      "type": "azurerm_network_security_group",
      "name": "demo_nsg",
      "provider": "provider[\"registry.terraform.io/hashicorp/azurerm\"]",
      "instances": [
        {
          "schema_version": 0,
          "attributes": {
            "id": "/subscriptions/d72145e1-6813-4167-94da-bdd673c41ea9/resourceGroups/Demo/providers/Microsoft.Network/networkSecurityGroups/demo-nsg",
            "location": "eastus",
            "name": "demo-nsg",
            "resource_group_name": "Demo",
            "security_rule": [
              {
                "access": "Allow",
                "description": "",
                "destination_address_prefix": "*",
                "destination_address_prefixes": [],
                "destination_application_security_group_ids": [],
                "destination_port_range": "22",
                "destination_port_ranges": [],
                "direction": "Inbound",
                "name": "AllowSSH",
                "priority": 1001,
                "protocol": "Tcp",
                "source_address_prefix": "*",
                "source_address_prefixes": [],
                "source_application_security_group_ids": [],
                "source_port_range": "*",
                "source_port_ranges": []
              },
              {
                "access": "Allow",
                "description": "",
                "destination_address_prefix": "*",
                "destination_address_prefixes": [],
                "destination_application_security_group_ids": [],
                "destination_port_range": "80",
                "destination_port_ranges": [],
                "direction": "Inbound",
                "name": "AllowHTTP",
                "priority": 1002,
                "protocol": "Tcp",
                "source_address_prefix": "*",
                "source_address_prefixes": [],
                "source_application_security_group_ids": [],
                "source_port_range": "*",
                "source_port_ranges": []
              }
            ],
            "tags": null,
            "timeouts": null
          },
          "sensitive_attributes": [],
          "private": "eyJlMmJmYjczMC1lY2FhLTExZTYtOGY4OC0zNDM2M2JjN2M0YzAiOnsiY3JlYXRlIjoxODAwMDAwMDAwMDAwLCJkZWxldGUiOjE4MDAwMDAwMDAwMDAsInJlYWQiOjMwMDAwMDAwMDAwMCwidXBkYXRlIjoxODAwMDAwMDAwMDAwfX0=",
          "dependencies": [
            "module.vm_setup.azurerm_resource_group.demo"
          ]
        }
      ]
    },
    {
      "module": "module.vm_setup",
      "mode": "managed",
      "type": "azurerm_resource_group",
      "name": "demo",
      "provider": "provider[\"registry.terraform.io/hashicorp/azurerm\"]",
      "instances": [
        {
          "schema_version": 0,
          "attributes": {
            "id": "/subscriptions/d72145e1-6813-4167-94da-bdd673c41ea9/resourceGroups/Demo",
            "location": "eastus",
            "managed_by": "",
            "name": "Demo",
            "tags": null,
            "timeouts": null
          },
          "sensitive_attributes": [],
          "private": "eyJlMmJmYjczMC1lY2FhLTExZTYtOGY4OC0zNDM2M2JjN2M0YzAiOnsiY3JlYXRlIjo1NDAwMDAwMDAwMDAwLCJkZWxldGUiOjU0MDAwMDAwMDAwMDAsInJlYWQiOjMwMDAwMDAwMDAwMCwidXBkYXRlIjo1NDAwMDAwMDAwMDAwfX0="
        }
      ]
    },
    {
      "module": "module.vm_setup",
      "mode": "managed",
      "type": "azurerm_subnet",
      "name": "demo_subnet",
      "provider": "provider[\"registry.terraform.io/hashicorp/azurerm\"]",
      "instances": [
        {
          "schema_version": 0,
          "attributes": {
            "address_prefixes": [
              "10.0.1.0/24"
            ],
            "delegation": [],
            "enforce_private_link_endpoint_network_policies": false,
            "enforce_private_link_service_network_policies": false,
            "id": "/subscriptions/d72145e1-6813-4167-94da-bdd673c41ea9/resourceGroups/Demo/providers/Microsoft.Network/virtualNetworks/Demo/subnets/Demo",
            "name": "Demo",
            "private_endpoint_network_policies_enabled": true,
            "private_link_service_network_policies_enabled": true,
            "resource_group_name": "Demo",
            "service_endpoint_policy_ids": null,
            "service_endpoints": null,
            "timeouts": null,
            "virtual_network_name": "Demo"
          },
          "sensitive_attributes": [],
          "private": "eyJlMmJmYjczMC1lY2FhLTExZTYtOGY4OC0zNDM2M2JjN2M0YzAiOnsiY3JlYXRlIjoxODAwMDAwMDAwMDAwLCJkZWxldGUiOjE4MDAwMDAwMDAwMDAsInJlYWQiOjMwMDAwMDAwMDAwMCwidXBkYXRlIjoxODAwMDAwMDAwMDAwfX0=",
          "dependencies": [
            "module.vm_setup.azurerm_resource_group.demo",
            "module.vm_setup.azurerm_virtual_network.demo_vnet"
          ]
        }
      ]
    },
    {
      "module": "module.vm_setup",
      "mode": "managed",
      "type": "azurerm_virtual_network",
      "name": "demo_vnet",
      "provider": "provider[\"registry.terraform.io/hashicorp/azurerm\"]",
      "instances": [
        {
          "schema_version": 0,
          "attributes": {
            "address_space": [
              "10.0.0.0/16"
            ],
            "bgp_community": "",
            "ddos_protection_plan": [],
            "dns_servers": [],
            "edge_zone": "",
            "encryption": [],
            "flow_timeout_in_minutes": 0,
            "guid": "ac0cda44-9b25-477b-be56-49a26f685b60",
            "id": "/subscriptions/d72145e1-6813-4167-94da-bdd673c41ea9/resourceGroups/Demo/providers/Microsoft.Network/virtualNetworks/Demo",
            "location": "eastus",
            "name": "Demo",
            "resource_group_name": "Demo",
            "subnet": [],
            "tags": null,
            "timeouts": null
          },
          "sensitive_attributes": [],
          "private": "eyJlMmJmYjczMC1lY2FhLTExZTYtOGY4OC0zNDM2M2JjN2M0YzAiOnsiY3JlYXRlIjoxODAwMDAwMDAwMDAwLCJkZWxldGUiOjE4MDAwMDAwMDAwMDAsInJlYWQiOjMwMDAwMDAwMDAwMCwidXBkYXRlIjoxODAwMDAwMDAwMDAwfX0=",
          "dependencies": [
            "module.vm_setup.azurerm_resource_group.demo"
          ]
        }
      ]
    }
  ],
  "check_results": null
}
